
Microsoft Visual Studio Solution File, Format Version 12.00
# Visual Studio Version 17
VisualStudioVersion = 17.4.33103.184
MinimumVisualStudioVersion = 10.0.40219.1
Project("{FAE04EC0-301F-11D3-BF4B-00C04F79EFBC}") = "BIBLIO", "BIBLIO\BIBLIO.csproj", "{828C7022-1319-4E4A-8932-0E1A0258E00E}"
EndProject
Global
	GlobalSection(SolutionConfigurationPlatforms) = preSolution
		Debug|Any CPU = Debug|Any CPU
		Release|Any CPU = Release|Any CPU
	EndGlobalSection
	GlobalSection(ProjectConfigurationPlatforms) = postSolution
		{828C7022-1319-4E4A-8932-0E1A0258E00E}.Debug|Any CPU.ActiveCfg = Debug|Any CPU
		{828C7022-1319-4E4A-8932-0E1A0258E00E}.Debug|Any CPU.Build.0 = Debug|Any CPU
		{828C7022-1319-4E4A-8932-0E1A0258E00E}.Release|Any CPU.ActiveCfg = Release|Any CPU
		{828C7022-1319-4E4A-8932-0E1A0258E00E}.Release|Any CPU.Build.0 = Release|Any CPU
	EndGlobalSection
	GlobalSection(SolutionProperties) = preSolution
		HideSolutionNode = FALSE
	EndGlobalSection
	GlobalSection(ExtensibilityGlobals) = postSolution
		SolutionGuid = {B2F3C6B1-9B6A-44DE-9ED3-F3075AC3C9C4}
	EndGlobalSection
EndGlobal
